{
  "requires": true,
  "lockfileVersion": 1,
  "dependencies": {
    "rete": {
      "version": "1.4.4",
      "resolved": "https://registry.npmjs.org/rete/-/rete-1.4.4.tgz",
      "integrity": "sha512-G08idymIcvv2jUMG1I6eS2j5Gg9jALOCX0nX3TwRidrGdHqwcS+rmqGcOarJKKt1KsUGZUZ3zJ7myLfdlor78w=="
    },
    "rete-connection-plugin": {
      "version": "0.9.0",
      "resolved": "https://registry.npmjs.org/rete-connection-plugin/-/rete-connection-plugin-0.9.0.tgz",
      "integrity": "sha512-D+H1yAONBBFYXeMkz0sdpDm76XiqcF2N3FduaqMUqcoThocMaFB2O8TX3nJc76ksuYaLYqo/+OLXTxNa+5HQYQ=="
    },
    "rete-history-plugin": {
      "version": "0.2.1",
      "resolved": "https://registry.npmjs.org/rete-history-plugin/-/rete-history-plugin-0.2.1.tgz",
      "integrity": "sha512-WaDkAK+zT+ZDxM6QeBzjLVot6abcIaGGQKBQdoxoXVO9JD90xU+KVPlmvitOzHBff7HoM8XuN7wWzM+WSRUkpg=="
    },
    "rete-vue-render-plugin": {
      "version": "0.5.0",
      "resolved": "https://registry.npmjs.org/rete-vue-render-plugin/-/rete-vue-render-plugin-0.5.0.tgz",
      "integrity": "sha512-CEPp9jGDwgu+HVxwC6X/BLVeo3ZJOXnlBQ2GeI7xoszl9o47VHv9yFwCiGQBu2nGu7x4mYmVjsTZ9C10HZW0Ug==",
      "requires": {
        "vue": "^2.6.6"
      }
    },
    "vue": {
      "version": "2.6.11",
      "resolved": "https://registry.npmjs.org/vue/-/vue-2.6.11.tgz",
      "integrity": "sha512-VfPwgcGABbGAue9+sfrD4PuwFar7gPb1yl1UK1MwXoQPAw0BKSqWfoYCT/ThFrdEVWoI51dBuyCoiNU9bZDZxQ=="
    }
  }
}
