{
  "requires": true,
  "lockfileVersion": 1,
  "dependencies": {
    "lodash-es": {
      "version": "4.17.15",
      "resolved": "https://registry.npmjs.org/lodash-es/-/lodash-es-4.17.15.tgz",
      "integrity": "sha512-rlrc3yU3+JNOpZ9zj5pQtxnx2THmvRykwL4Xlxoa8I9lHBlVbbyPhgyPMioxVZ4NqyxaVVtaJnzsyOidQIhyyQ=="
    },
    "rete": {
      "version": "1.4.4",
      "resolved": "https://registry.npmjs.org/rete/-/rete-1.4.4.tgz",
      "integrity": "sha512-G08idymIcvv2jUMG1I6eS2j5Gg9jALOCX0nX3TwRidrGdHqwcS+rmqGcOarJKKt1KsUGZUZ3zJ7myLfdlor78w=="
    },
    "rete-area-plugin": {
      "version": "0.2.1",
      "resolved": "https://registry.npmjs.org/rete-area-plugin/-/rete-area-plugin-0.2.1.tgz",
      "integrity": "sha512-MOeQRmSC/gjkZIMo0fNuomzunRplALqd86V+jSzuhBYchCw0wshv2/iXu4xRxVZkw9r1HpZxlz9gLkbatCbXMw=="
    },
    "rete-comment-plugin": {
      "version": "0.6.2",
      "resolved": "https://registry.npmjs.org/rete-comment-plugin/-/rete-comment-plugin-0.6.2.tgz",
      "integrity": "sha512-veB1onKlhbZoLUFDq4Uer9bFb9KGT1B5kC6RtlNEDIgvt6MR4qMCvw8oDYf/kxfLHoY6a0HVX3ACFjVrsTGcMQ=="
    },
    "rete-connection-mastery-plugin": {
      "version": "0.2.4",
      "resolved": "https://registry.npmjs.org/rete-connection-mastery-plugin/-/rete-connection-mastery-plugin-0.2.4.tgz",
      "integrity": "sha512-CliFRACU7kWNOCjvHvDedEEliWX48INxvvln5azQ48mPIr+bLHCCWrvyoG0iH62M1ik+W0f0xnCFXg/rbtm7vQ=="
    },
    "rete-connection-plugin": {
      "version": "0.9.0",
      "resolved": "https://registry.npmjs.org/rete-connection-plugin/-/rete-connection-plugin-0.9.0.tgz",
      "integrity": "sha512-D+H1yAONBBFYXeMkz0sdpDm76XiqcF2N3FduaqMUqcoThocMaFB2O8TX3nJc76ksuYaLYqo/+OLXTxNa+5HQYQ=="
    },
    "rete-context-menu-plugin": {
      "version": "0.6.0-rc.1",
      "resolved": "https://registry.npmjs.org/rete-context-menu-plugin/-/rete-context-menu-plugin-0.6.0-rc.1.tgz",
      "integrity": "sha512-pjDaLfg50lvwbEInciX2OOvVgmoerF5tYYhYlEjcJq0KYfhLAzhmRnPJc1Ymgd1SJZf26G4YnQjSepCEzTiaUA==",
      "requires": {
        "lodash-es": "^4.17.15",
        "vue": "^2.5.17"
      }
    },
    "rete-history-plugin": {
      "version": "0.2.1",
      "resolved": "https://registry.npmjs.org/rete-history-plugin/-/rete-history-plugin-0.2.1.tgz",
      "integrity": "sha512-WaDkAK+zT+ZDxM6QeBzjLVot6abcIaGGQKBQdoxoXVO9JD90xU+KVPlmvitOzHBff7HoM8XuN7wWzM+WSRUkpg=="
    },
    "rete-vue-render-plugin": {
      "version": "0.5.0",
      "resolved": "https://registry.npmjs.org/rete-vue-render-plugin/-/rete-vue-render-plugin-0.5.0.tgz",
      "integrity": "sha512-CEPp9jGDwgu+HVxwC6X/BLVeo3ZJOXnlBQ2GeI7xoszl9o47VHv9yFwCiGQBu2nGu7x4mYmVjsTZ9C10HZW0Ug==",
      "requires": {
        "vue": "^2.6.6"
      }
    },
    "vue": {
      "version": "2.6.11",
      "resolved": "https://registry.npmjs.org/vue/-/vue-2.6.11.tgz",
      "integrity": "sha512-VfPwgcGABbGAue9+sfrD4PuwFar7gPb1yl1UK1MwXoQPAw0BKSqWfoYCT/ThFrdEVWoI51dBuyCoiNU9bZDZxQ=="
    }
  }
}
